// !$*UTF8*$!
{
	archiveVersion = 1;
	classes = {
	};
	objectVersion = 56;
	objects = {

/* Begin PBXBuildFile section */
		8659D8C229B9611C007E7D6B /* _Gavin_VideoPlayerTestApp.swift in Sources */ = {isa = PBXBuildFile; fileRef = 8659D8C129B9611C007E7D6B /* _Gavin_VideoPlayerTestApp.swift */; };
		8659D8C429B9611C007E7D6B /* ContentView.swift in Sources */ = {isa = PBXBuildFile; fileRef = 8659D8C329B9611C007E7D6B /* ContentView.swift */; };
		8659D8C629B9611D007E7D6B /* Assets.xcassets in Resources */ = {isa = PBXBuildFile; fileRef = 8659D8C529B9611D007E7D6B /* Assets.xcassets */; };
		8659D8C929B9611D007E7D6B /* Preview Assets.xcassets in Resources */ = {isa = PBXBuildFile; fileRef = 8659D8C829B9611D007E7D6B /* Preview Assets.xcassets */; };
		8659D8D129B9615D007E7D6B /* AVKit.framework in Frameworks */ = {isa = PBXBuildFile; fileRef = 8659D8D029B9615D007E7D6B /* AVKit.framework */; };
		8659D8D329B9616B007E7D6B /* Constants.swift in Sources */ = {isa = PBXBuildFile; fileRef = 8659D8D229B9616B007E7D6B /* Constants.swift */; };
/* End PBXBuildFile section */

/* Begin PBXFileReference section */
		8659D8BE29B9611C007E7D6B /* (Gavin)VideoPlayerTest.app */ = {isa = PBXFileReference; explicitFileType = wrapper.application; includeInIndex = 0; path = "(Gavin)VideoPlayerTest.app"; sourceTree = BUILT_PRODUCTS_DIR; };
		8659D8C129B9611C007E7D6B /* _Gavin_VideoPlayerTestApp.swift */ = {isa = PBXFileReference; lastKnownFileType = sourcecode.swift; path = _Gavin_VideoPlayerTestApp.swift; sourceTree = "<group>"; };
		8659D8C329B9611C007E7D6B /* ContentView.swift */ = {isa = PBXFileReference; lastKnownFileType = sourcecode.swift; path = ContentView.swift; sourceTree = "<group>"; };
		8659D8C529B9611D007E7D6B /* Assets.xcassets */ = {isa = PBXFileReference; lastKnownFileType = folder.assetcatalog; path = Assets.xcassets; sourceTree = "<group>"; };
		8659D8C829B9611D007E7D6B /* Preview Assets.xcassets */ = {isa = PBXFileReference; lastKnownFileType = folder.assetcatalog; path = "Preview Assets.xcassets"; sourceTree = "<group>"; };
		8659D8D029B9615D007E7D6B /* AVKit.framework */ = {isa = PBXFileReference; lastKnownFileType = wrapper.framework; name = AVKit.framework; path = System/Library/Frameworks/AVKit.framework; sourceTree = SDKROOT; };
		8659D8D229B9616B007E7D6B /* Constants.swift */ = {isa = PBXFileReference; lastKnownFileType = sourcecode.swift; path = Constants.swift; sourceTree = "<group>"; };
/* End PBXFileReference section */

/* Begin PBXFrameworksBuildPhase section */
		8659D8BB29B9611C007E7D6B /* Frameworks */ = {
			isa = PBXFrameworksBuildPhase;
			buildActionMask = 2147483647;
			files = (
				8659D8D129B9615D007E7D6B /* AVKit.framework in Frameworks */,
			);
			runOnlyForDeploymentPostprocessing = 0;
		};
/* End PBXFrameworksBuildPhase section */

/* Begin PBXGroup section */
		8659D8B529B9611C007E7D6B = {
			isa = PBXGroup;
			children = (
				8659D8C029B9611C007E7D6B /* (Gavin)VideoPlayerTest */,
				8659D8BF29B9611C007E7D6B /* Products */,
				8659D8CF29B9615C007E7D6B /* Frameworks */,
			);
			sourceTree = "<group>";
		};
		8659D8BF29B9611C007E7D6B /* Products */ = {
			isa = PBXGroup;
			children = (
				8659D8BE29B9611C007E7D6B /* (Gavin)VideoPlayerTest.app */,
			);
			name = Products;
			sourceTree = "<group>";
		};
		8659D8C029B9611C007E7D6B /* (Gavin)VideoPlayerTest */ = {
			isa = PBXGroup;
			children = (
				8659D8C129B9611C007E7D6B /* _Gavin_VideoPlayerTestApp.swift */,
				8659D8C329B9611C007E7D6B /* ContentView.swift */,
				8659D8C529B9611D007E7D6B /* Assets.xcassets */,
				8659D8C729B9611D007E7D6B /* Preview Content */,
				8659D8D229B9616B007E7D6B /* Constants.swift */,
			);
			path = "(Gavin)VideoPlayerTest";
			sourceTree = "<group>";
		};
		8659D8C729B9611D007E7D6B /* Preview Content */ = {
			isa = PBXGroup;
			children = (
				8659D8C829B9611D007E7D6B /* Preview Assets.xcassets */,
			);
			path = "Preview Content";
			sourceTree = "<group>";
		};
		8659D8CF29B9615C007E7D6B /* Frameworks */ = {
			isa = PBXGroup;
			children = (
				8659D8D029B9615D007E7D6B /* AVKit.framework */,
			);
			name = Frameworks;
			sourceTree = "<group>";
		};
/* End PBXGroup section */

/* Begin PBXNativeTarget section */
		8659D8BD29B9611C007E7D6B /* (Gavin)VideoPlayerTest */ = {
			isa = PBXNativeTarget;
			buildConfigurationList = 8659D8CC29B9611D007E7D6B /* Build configuration list for PBXNativeTarget "(Gavin)VideoPlayerTest" */;
			buildPhases = (
				8659D8BA29B9611C007E7D6B /* Sources */,
				8659D8BB29B9611C007E7D6B /* Frameworks */,
				8659D8BC29B9611C007E7D6B /* Resources */,
			);
			buildRules = (
			);
			dependencies = (
			);
			name = "(Gavin)VideoPlayerTest";
			productName = "(Gavin)VideoPlayerTest";
			productReference = 8659D8BE29B9611C007E7D6B /* (Gavin)VideoPlayerTest.app */;
			productType = "com.apple.product-type.application";
		};
/* End PBXNativeTarget section */

/* Begin PBXProject section */
		8659D8B629B9611C007E7D6B /* Project object */ = {
			isa = PBXProject;
			attributes = {
				BuildIndependentTargetsInParallel = 1;
				LastSwiftUpdateCheck = 1420;
				LastUpgradeCheck = 1420;
				TargetAttributes = {
					8659D8BD29B9611C007E7D6B = {
						CreatedOnToolsVersion = 14.2;
					};
				};
			};
			buildConfigurationList = 8659D8B929B9611C007E7D6B /* Build configuration list for PBXProject "(Gavin)VideoPlayerTest" */;
			compatibilityVersion = "Xcode 14.0";
			developmentRegion = en;
			hasScannedForEncodings = 0;
			knownRegions = (
				en,
				Base,
			);
			mainGroup = 8659D8B529B9611C007E7D6B;
			productRefGroup = 8659D8BF29B9611C007E7D6B /* Products */;
			projectDirPath = "";
			projectRoot = "";
			targets = (
				8659D8BD29B9611C007E7D6B /* (Gavin)VideoPlayerTest */,
			);
		};
/* End PBXProject section */

/* Begin PBXResourcesBuildPhase section */
		8659D8BC29B9611C007E7D6B /* Resources */ = {
			isa = PBXResourcesBuildPhase;
			buildActionMask = 2147483647;
			files = (
				8659D8C929B9611D007E7D6B /* Preview Assets.xcassets in Resources */,
				8659D8C629B9611D007E7D6B /* Assets.xcassets in Resources */,
			);
			runOnlyForDeploymentPostprocessing = 0;
		};
/* End PBXResourcesBuildPhase section */

/* Begin PBXSourcesBuildPhase section */
		8659D8BA29B9611C007E7D6B /* Sources */ = {
			isa = PBXSourcesBuildPhase;
			buildActionMask = 2147483647;
			files = (
				8659D8C429B9611C007E7D6B /* ContentView.swift in Sources */,
				8659D8C229B9611C007E7D6B /* _Gavin_VideoPlayerTestApp.swift in Sources */,
				8659D8D329B9616B007E7D6B /* Constants.swift in Sources */,
			);
			runOnlyForDeploymentPostprocessing = 0;
		};
/* End PBXSourcesBuildPhase section */

/* Begin XCBuildConfiguration section */
		8659D8CA29B9611D007E7D6B /* Debug */ = {
			isa = XCBuildConfiguration;
			buildSettings = {
				ALWAYS_SEARCH_USER_PATHS = NO;
				CLANG_ANALYZER_NONNULL = YES;
				CLANG_ANALYZER_NUMBER_OBJECT_CONVERSION = YES_AGGRESSIVE;
				CLANG_CXX_LANGUAGE_STANDARD = "gnu++20";
				CLANG_ENABLE_MODULES = YES;
				CLANG_ENABLE_OBJC_ARC = YES;
				CLANG_ENABLE_OBJC_WEAK = YES;
				CLANG_WARN_BLOCK_CAPTURE_AUTORELEASING = YES;
				CLANG_WARN_BOOL_CONVERSION = YES;
				CLANG_WARN_COMMA = YES;
				CLANG_WARN_CONSTANT_CONVERSION = YES;
				CLANG_WARN_DEPRECATED_OBJC_IMPLEMENTATIONS = YES;
				CLANG_WARN_DIRECT_OBJC_ISA_USAGE = YES_ERROR;
				CLANG_WARN_DOCUMENTATION_COMMENTS = YES;
				CLANG_WARN_EMPTY_BODY = YES;
				CLANG_WARN_ENUM_CONVERSION = YES;
				CLANG_WARN_INFINITE_RECURSION = YES;
				CLANG_WARN_INT_CONVERSION = YES;
				CLANG_WARN_NON_LITERAL_NULL_CONVERSION = YES;
				CLANG_WARN_OBJC_IMPLICIT_RETAIN_SELF = YES;
				CLANG_WARN_OBJC_LITERAL_CONVERSION = YES;
				CLANG_WARN_OBJC_ROOT_CLASS = YES_ERROR;
				CLANG_WARN_QUOTED_INCLUDE_IN_FRAMEWORK_HEADER = YES;
				CLANG_WARN_RANGE_LOOP_ANALYSIS = YES;
				CLANG_WARN_STRICT_PROTOTYPES = YES;
				CLANG_WARN_SUSPICIOUS_MOVE = YES;
				CLANG_WARN_UNGUARDED_AVAILABILITY = YES_AGGRESSIVE;
				CLANG_WARN_UNREACHABLE_CODE = YES;
				CLANG_WARN__DUPLICATE_METHOD_MATCH = YES;
				COPY_PHASE_STRIP = NO;
				DEBUG_INFORMATION_FORMAT = dwarf;
				ENABLE_STRICT_OBJC_MSGSEND = YES;
				ENABLE_TESTABILITY = YES;
				GCC_C_LANGUAGE_STANDARD = gnu11;
				GCC_DYNAMIC_NO_PIC = NO;
				GCC_NO_COMMON_BLOCKS = YES;
				GCC_OPTIMIZATION_LEVEL = 0;
				GCC_PREPROCESSOR_DEFINITIONS = (
					"DEBUG=1",
					"$(inherited)",
				);
				GCC_WARN_64_TO_32_BIT_CONVERSION = YES;
				GCC_WARN_ABOUT_RETURN_TYPE = YES_ERROR;
				GCC_WARN_UNDECLARED_SELECTOR = YES;
				GCC_WARN_UNINITIALIZED_AUTOS = YES_AGGRESSIVE;
				GCC_WARN_UNUSED_FUNCTION = YES;
				GCC_WARN_UNUSED_VARIABLE = YES;
				IPHONEOS_DEPLOYMENT_TARGET = 16.2;
				MTL_ENABLE_DEBUG_INFO = INCLUDE_SOURCE;
				MTL_FAST_MATH = YES;
				ONLY_ACTIVE_ARCH = YES;
				SDKROOT = iphoneos;
				SWIFT_ACTIVE_COMPILATION_CONDITIONS = DEBUG;
				SWIFT_OPTIMIZATION_LEVEL = "-Onone";
			};
			name = Debug;
		};
		8659D8CB29B9611D007E7D6B /* Release */ = {
			isa = XCBuildConfiguration;
			buildSettings = {
				ALWAYS_SEARCH_USER_PATHS = NO;
				CLANG_ANALYZER_NONNULL = YES;
				CLANG_ANALYZER_NUMBER_OBJECT_CONVERSION = YES_AGGRESSIVE;
				CLANG_CXX_LANGUAGE_STANDARD = "gnu++20";
				CLANG_ENABLE_MODULES = YES;
				CLANG_ENABLE_OBJC_ARC = YES;
				CLANG_ENABLE_OBJC_WEAK = YES;
				CLANG_WARN_BLOCK_CAPTURE_AUTORELEASING = YES;
				CLANG_WARN_BOOL_CONVERSION = YES;
				CLANG_WARN_COMMA = YES;
				CLANG_WARN_CONSTANT_CONVERSION = YES;
				CLANG_WARN_DEPRECATED_OBJC_IMPLEMENTATIONS = YES;
				CLANG_WARN_DIRECT_OBJC_ISA_USAGE = YES_ERROR;
				CLANG_WARN_DOCUMENTATION_COMMENTS = YES;
				CLANG_WARN_EMPTY_BODY = YES;
				CLANG_WARN_ENUM_CONVERSION = YES;
				CLANG_WARN_INFINITE_RECURSION = YES;
				CLANG_WARN_INT_CONVERSION = YES;
				CLANG_WARN_NON_LITERAL_NULL_CONVERSION = YES;
				CLANG_WARN_OBJC_IMPLICIT_RETAIN_SELF = YES;
				CLANG_WARN_OBJC_LITERAL_CONVERSION = YES;
				CLANG_WARN_OBJC_ROOT_CLASS = YES_ERROR;
				CLANG_WARN_QUOTED_INCLUDE_IN_FRAMEWORK_HEADER = YES;
				CLANG_WARN_RANGE_LOOP_ANALYSIS = YES;
				CLANG_WARN_STRICT_PROTOTYPES = YES;
				CLANG_WARN_SUSPICIOUS_MOVE = YES;
				CLANG_WARN_UNGUARDED_AVAILABILITY = YES_AGGRESSIVE;
				CLANG_WARN_UNREACHABLE_CODE = YES;
				CLANG_WARN__DUPLICATE_METHOD_MATCH = YES;
				COPY_PHASE_STRIP = NO;
				DEBUG_INFORMATION_FORMAT = "dwarf-with-dsym";
				ENABLE_NS_ASSERTIONS = NO;
				ENABLE_STRICT_OBJC_MSGSEND = YES;
				GCC_C_LANGUAGE_STANDARD = gnu11;
				GCC_NO_COMMON_BLOCKS = YES;
				GCC_WARN_64_TO_32_BIT_CONVERSION = YES;
				GCC_WARN_ABOUT_RETURN_TYPE = YES_ERROR;
				GCC_WARN_UNDECLARED_SELECTOR = YES;
				GCC_WARN_UNINITIALIZED_AUTOS = YES_AGGRESSIVE;
				GCC_WARN_UNUSED_FUNCTION = YES;
				GCC_WARN_UNUSED_VARIABLE = YES;
				IPHONEOS_DEPLOYMENT_TARGET = 16.2;
				MTL_ENABLE_DEBUG_INFO = NO;
				MTL_FAST_MATH = YES;
				SDKROOT = iphoneos;
				SWIFT_COMPILATION_MODE = wholemodule;
				SWIFT_OPTIMIZATION_LEVEL = "-O";
				VALIDATE_PRODUCT = YES;
			};
			name = Release;
		};
		8659D8CD29B9611D007E7D6B /* Debug */ = {
			isa = XCBuildConfiguration;
			buildSettings = {
				ASSETCATALOG_COMPILER_APPICON_NAME = AppIcon;
				ASSETCATALOG_COMPILER_GLOBAL_ACCENT_COLOR_NAME = AccentColor;
				CODE_SIGN_STYLE = Automatic;
				CURRENT_PROJECT_VERSION = 1;
				DEVELOPMENT_ASSET_PATHS = "\"(Gavin)VideoPlayerTest/Preview Content\"";
				DEVELOPMENT_TEAM = 95GVZGQJ97;
				ENABLE_PREVIEWS = YES;
				GENERATE_INFOPLIST_FILE = YES;
				INFOPLIST_KEY_UIApplicationSceneManifest_Generation = YES;
				INFOPLIST_KEY_UIApplicationSupportsIndirectInputEvents = YES;
				INFOPLIST_KEY_UILaunchScreen_Generation = YES;
				INFOPLIST_KEY_UISupportedInterfaceOrientations_iPad = "UIInterfaceOrientationPortrait UIInterfaceOrientationPortraitUpsideDown UIInterfaceOrientationLandscapeLeft UIInterfaceOrientationLandscapeRight";
				INFOPLIST_KEY_UISupportedInterfaceOrientations_iPhone = "UIInterfaceOrientationPortrait UIInterfaceOrientationLandscapeLeft UIInterfaceOrientationLandscapeRight";
				LD_RUNPATH_SEARCH_PATHS = (
					"$(inherited)",
					"@executable_path/Frameworks",
				);
				MARKETING_VERSION = 1.0;
				PRODUCT_BUNDLE_IDENTIFIER = "com.gavinkwon.-Gavin-VideoPlayerTest";
				PRODUCT_NAME = "$(TARGET_NAME)";
				SWIFT_EMIT_LOC_STRINGS = YES;
				SWIFT_VERSION = 5.0;
				TARGETED_DEVICE_FAMILY = "1,2";
			};
			name = Debug;
		};
		8659D8CE29B9611D007E7D6B /* Release */ = {
			isa = XCBuildConfiguration;
			buildSettings = {
				ASSETCATALOG_COMPILER_APPICON_NAME = AppIcon;
				ASSETCATALOG_COMPILER_GLOBAL_ACCENT_COLOR_NAME = AccentColor;
				CODE_SIGN_STYLE = Automatic;
				CURRENT_PROJECT_VERSION = 1;
				DEVELOPMENT_ASSET_PATHS = "\"(Gavin)VideoPlayerTest/Preview Content\"";
				DEVELOPMENT_TEAM = 95GVZGQJ97;
				ENABLE_PREVIEWS = YES;
				GENERATE_INFOPLIST_FILE = YES;
				INFOPLIST_KEY_UIApplicationSceneManifest_Generation = YES;
				INFOPLIST_KEY_UIApplicationSupportsIndirectInputEvents = YES;
				INFOPLIST_KEY_UILaunchScreen_Generation = YES;
				INFOPLIST_KEY_UISupportedInterfaceOrientations_iPad = "UIInterfaceOrientationPortrait UIInterfaceOrientationPortraitUpsideDown UIInterfaceOrientationLandscapeLeft UIInterfaceOrientationLandscapeRight";
				INFOPLIST_KEY_UISupportedInterfaceOrientations_iPhone = "UIInterfaceOrientationPortrait UIInterfaceOrientationLandscapeLeft UIInterfaceOrientationLandscapeRight";
				LD_RUNPATH_SEARCH_PATHS = (
					"$(inherited)",
					"@executable_path/Frameworks",
				);
				MARKETING_VERSION = 1.0;
				PRODUCT_BUNDLE_IDENTIFIER = "com.gavinkwon.-Gavin-VideoPlayerTest";
				PRODUCT_NAME = "$(TARGET_NAME)";
				SWIFT_EMIT_LOC_STRINGS = YES;
				SWIFT_VERSION = 5.0;
				TARGETED_DEVICE_FAMILY = "1,2";
			};
			name = Release;
		};
/* End XCBuildConfiguration section */

/* Begin XCConfigurationList section */
		8659D8B929B9611C007E7D6B /* Build configuration list for PBXProject "(Gavin)VideoPlayerTest" */ = {
			isa = XCConfigurationList;
			buildConfigurations = (
				8659D8CA29B9611D007E7D6B /* Debug */,
				8659D8CB29B9611D007E7D6B /* Release */,
			);
			defaultConfigurationIsVisible = 0;
			defaultConfigurationName = Release;
		};
		8659D8CC29B9611D007E7D6B /* Build configuration list for PBXNativeTarget "(Gavin)VideoPlayerTest" */ = {
			isa = XCConfigurationList;
			buildConfigurations = (
				8659D8CD29B9611D007E7D6B /* Debug */,
				8659D8CE29B9611D007E7D6B /* Release */,
			);
			defaultConfigurationIsVisible = 0;
			defaultConfigurationName = Release;
		};
/* End XCConfigurationList section */
	};
	rootObject = 8659D8B629B9611C007E7D6B /* Project object */;
}
